
Microsoft Visual Studio Solution File, Format Version 12.00
# Visual Studio Version 17
VisualStudioVersion = 17.7.34031.279
MinimumVisualStudioVersion = 10.0.40219.1
Project("{FAE04EC0-301F-11D3-BF4B-00C04F79EFBC}") = "GameCard.Console", "GameCard.Console.csproj", "{29EEC02D-9E26-47D6-ACD5-2AFFD02ECCD6}"
EndProject
Project("{FAE04EC0-301F-11D3-BF4B-00C04F79EFBC}") = "GameCard.Dynamic", "..\GameDynamic\GameCard.Dynamic.csproj", "{0550BB85-4B8B-45EA-B552-AA5D9080A1D1}"
EndProject
Project("{FAE04EC0-301F-11D3-BF4B-00C04F79EFBC}") = "GameCard.TeamManagement", "..\GameCard.Team\GameCard.TeamManagement.csproj", "{86DD1DFC-B83B-48E0-882C-0BF26D3B573E}"
EndProject
Global
	GlobalSection(SolutionConfigurationPlatforms) = preSolution
		Debug|Any CPU = Debug|Any CPU
		Release|Any CPU = Release|Any CPU
	EndGlobalSection
	GlobalSection(ProjectConfigurationPlatforms) = postSolution
		{29EEC02D-9E26-47D6-ACD5-2AFFD02ECCD6}.Debug|Any CPU.ActiveCfg = Debug|Any CPU
		{29EEC02D-9E26-47D6-ACD5-2AFFD02ECCD6}.Debug|Any CPU.Build.0 = Debug|Any CPU
		{29EEC02D-9E26-47D6-ACD5-2AFFD02ECCD6}.Release|Any CPU.ActiveCfg = Release|Any CPU
		{29EEC02D-9E26-47D6-ACD5-2AFFD02ECCD6}.Release|Any CPU.Build.0 = Release|Any CPU
		{0550BB85-4B8B-45EA-B552-AA5D9080A1D1}.Debug|Any CPU.ActiveCfg = Debug|Any CPU
		{0550BB85-4B8B-45EA-B552-AA5D9080A1D1}.Debug|Any CPU.Build.0 = Debug|Any CPU
		{0550BB85-4B8B-45EA-B552-AA5D9080A1D1}.Release|Any CPU.ActiveCfg = Release|Any CPU
		{0550BB85-4B8B-45EA-B552-AA5D9080A1D1}.Release|Any CPU.Build.0 = Release|Any CPU
		{86DD1DFC-B83B-48E0-882C-0BF26D3B573E}.Debug|Any CPU.ActiveCfg = Debug|Any CPU
		{86DD1DFC-B83B-48E0-882C-0BF26D3B573E}.Debug|Any CPU.Build.0 = Debug|Any CPU
		{86DD1DFC-B83B-48E0-882C-0BF26D3B573E}.Release|Any CPU.ActiveCfg = Release|Any CPU
		{86DD1DFC-B83B-48E0-882C-0BF26D3B573E}.Release|Any CPU.Build.0 = Release|Any CPU
	EndGlobalSection
	GlobalSection(SolutionProperties) = preSolution
		HideSolutionNode = FALSE
	EndGlobalSection
	GlobalSection(ExtensibilityGlobals) = postSolution
		SolutionGuid = {73BF592F-DCAB-46FF-B547-6541CA50A26B}
	EndGlobalSection
EndGlobal
